
Microsoft Visual Studio Solution File, Format Version 12.00
# Visual Studio 15
VisualStudioVersion = 15.0.27130.2010
MinimumVisualStudioVersion = 10.0.40219.1
Project("{FAE04EC0-301F-11D3-BF4B-00C04F79EFBC}") = "CalculatorClass", "MIASI_TaxCalculator\CalculatorClass.csproj", "{09390531-0DD4-427B-9101-A36A490E13A7}"
EndProject
Project("{FAE04EC0-301F-11D3-BF4B-00C04F79EFBC}") = "CalculatorTest", "CalculatorTest\CalculatorTest.csproj", "{E14D6B73-A247-4968-AFB9-6E6D1D154ECE}"
EndProject
Global
	GlobalSection(SolutionConfigurationPlatforms) = preSolution
		Debug|Any CPU = Debug|Any CPU
		Release|Any CPU = Release|Any CPU
	EndGlobalSection
	GlobalSection(ProjectConfigurationPlatforms) = postSolution
		{09390531-0DD4-427B-9101-A36A490E13A7}.Debug|Any CPU.ActiveCfg = Debug|Any CPU
		{09390531-0DD4-427B-9101-A36A490E13A7}.Debug|Any CPU.Build.0 = Debug|Any CPU
		{09390531-0DD4-427B-9101-A36A490E13A7}.Release|Any CPU.ActiveCfg = Release|Any CPU
		{09390531-0DD4-427B-9101-A36A490E13A7}.Release|Any CPU.Build.0 = Release|Any CPU
		{E14D6B73-A247-4968-AFB9-6E6D1D154ECE}.Debug|Any CPU.ActiveCfg = Debug|Any CPU
		{E14D6B73-A247-4968-AFB9-6E6D1D154ECE}.Debug|Any CPU.Build.0 = Debug|Any CPU
		{E14D6B73-A247-4968-AFB9-6E6D1D154ECE}.Release|Any CPU.ActiveCfg = Release|Any CPU
		{E14D6B73-A247-4968-AFB9-6E6D1D154ECE}.Release|Any CPU.Build.0 = Release|Any CPU
	EndGlobalSection
	GlobalSection(SolutionProperties) = preSolution
		HideSolutionNode = FALSE
	EndGlobalSection
	GlobalSection(ExtensibilityGlobals) = postSolution
		SolutionGuid = {3188C2F3-8FB2-4D37-96E6-96F80C8AD63D}
	EndGlobalSection
EndGlobal
